
Microsoft Visual Studio Solution File, Format Version 12.00
# Visual Studio Version 17
VisualStudioVersion = 17.10.35122.118
MinimumVisualStudioVersion = 10.0.40219.1
Project("{9A19103F-16F7-4668-BE54-9A1E7A4F7556}") = "section2.3", "section2.3.csproj", "{FF16A861-683A-46B2-9177-4E946011A74E}"
EndProject
Global
	GlobalSection(SolutionConfigurationPlatforms) = preSolution
		Debug|Any CPU = Debug|Any CPU
		Release|Any CPU = Release|Any CPU
	EndGlobalSection
	GlobalSection(ProjectConfigurationPlatforms) = postSolution
		{FF16A861-683A-46B2-9177-4E946011A74E}.Debug|Any CPU.ActiveCfg = Debug|Any CPU
		{FF16A861-683A-46B2-9177-4E946011A74E}.Debug|Any CPU.Build.0 = Debug|Any CPU
		{FF16A861-683A-46B2-9177-4E946011A74E}.Release|Any CPU.ActiveCfg = Release|Any CPU
		{FF16A861-683A-46B2-9177-4E946011A74E}.Release|Any CPU.Build.0 = Release|Any CPU
	EndGlobalSection
	GlobalSection(SolutionProperties) = preSolution
		HideSolutionNode = FALSE
	EndGlobalSection
	GlobalSection(ExtensibilityGlobals) = postSolution
		SolutionGuid = {A739F292-7670-4329-8E31-B96911967DC5}
	EndGlobalSection
EndGlobal
