
Microsoft Visual Studio Solution File, Format Version 12.00
# Visual Studio Version 17
VisualStudioVersion = 17.10.35122.118
MinimumVisualStudioVersion = 10.0.40219.1
Project("{9A19103F-16F7-4668-BE54-9A1E7A4F7556}") = "section3.2", "section3.2.csproj", "{BEAAB30E-FF21-4D51-A808-D91C32DD9984}"
EndProject
Global
	GlobalSection(SolutionConfigurationPlatforms) = preSolution
		Debug|Any CPU = Debug|Any CPU
		Release|Any CPU = Release|Any CPU
	EndGlobalSection
	GlobalSection(ProjectConfigurationPlatforms) = postSolution
		{BEAAB30E-FF21-4D51-A808-D91C32DD9984}.Debug|Any CPU.ActiveCfg = Debug|Any CPU
		{BEAAB30E-FF21-4D51-A808-D91C32DD9984}.Debug|Any CPU.Build.0 = Debug|Any CPU
		{BEAAB30E-FF21-4D51-A808-D91C32DD9984}.Release|Any CPU.ActiveCfg = Release|Any CPU
		{BEAAB30E-FF21-4D51-A808-D91C32DD9984}.Release|Any CPU.Build.0 = Release|Any CPU
	EndGlobalSection
	GlobalSection(SolutionProperties) = preSolution
		HideSolutionNode = FALSE
	EndGlobalSection
	GlobalSection(ExtensibilityGlobals) = postSolution
		SolutionGuid = {F9415E86-2A3F-42FA-B587-7516055DAB5F}
	EndGlobalSection
EndGlobal
