
Microsoft Visual Studio Solution File, Format Version 12.00
# Visual Studio Version 17
VisualStudioVersion = 17.10.35122.118
MinimumVisualStudioVersion = 10.0.40219.1
Project("{9A19103F-16F7-4668-BE54-9A1E7A4F7556}") = "section2.4", "section2.4.csproj", "{F50A2FD2-2E48-4154-8511-9FD29E72C994}"
EndProject
Global
	GlobalSection(SolutionConfigurationPlatforms) = preSolution
		Debug|Any CPU = Debug|Any CPU
		Release|Any CPU = Release|Any CPU
	EndGlobalSection
	GlobalSection(ProjectConfigurationPlatforms) = postSolution
		{F50A2FD2-2E48-4154-8511-9FD29E72C994}.Debug|Any CPU.ActiveCfg = Debug|Any CPU
		{F50A2FD2-2E48-4154-8511-9FD29E72C994}.Debug|Any CPU.Build.0 = Debug|Any CPU
		{F50A2FD2-2E48-4154-8511-9FD29E72C994}.Release|Any CPU.ActiveCfg = Release|Any CPU
		{F50A2FD2-2E48-4154-8511-9FD29E72C994}.Release|Any CPU.Build.0 = Release|Any CPU
	EndGlobalSection
	GlobalSection(SolutionProperties) = preSolution
		HideSolutionNode = FALSE
	EndGlobalSection
	GlobalSection(ExtensibilityGlobals) = postSolution
		SolutionGuid = {FDE4FD05-8622-42E0-9C3D-14D2381B6808}
	EndGlobalSection
EndGlobal
